# This file is automatically @generated by Cargo.
# It is not intended for manual editing.
version = 3

[[package]]
name = "anyhow"
version = "1.0.56"
source = "registry+https://github.com/rust-lang/crates.io-index"
checksum = "4361135be9122e0870de935d7c439aef945b9f9ddd4199a553b5270b49c82a27"

[[package]]
name = "bytesize"
version = "1.1.0"
source = "registry+https://github.com/rust-lang/crates.io-index"
checksum = "6c58ec36aac5066d5ca17df51b3e70279f5670a72102f5752cb7e7c856adfc70"

[[package]]
name = "duration-string"
version = "0.0.6"
source = "registry+https://github.com/rust-lang/crates.io-index"
checksum = "b65bd8fceb01387287b3502b845588b9bf60e50e0d27392f724e6669385d6ac7"

[[package]]
name = "wrap_wrk"
version = "0.1.0"
dependencies = [
 "anyhow",
 "bytesize",
 "duration-string",
]
